
Microsoft Visual Studio Solution File, Format Version 12.00
# Visual Studio 2012
Project("{FAE04EC0-301F-11D3-BF4B-00C04F79EFBC}") = "Simulation", "Simulation\Simulation.csproj", "{D67C872A-3488-4E19-9E05-E091C119EC48}"
EndProject
Project("{FAE04EC0-301F-11D3-BF4B-00C04F79EFBC}") = "Simulation.Tests", "Simulation.Tests\Simulation.Tests.csproj", "{A0B1F7EE-DA4F-4754-A010-49EE20E0119E}"
EndProject
Global
	GlobalSection(SolutionConfigurationPlatforms) = preSolution
		Debug|Any CPU = Debug|Any CPU
		Release|Any CPU = Release|Any CPU
	EndGlobalSection
	GlobalSection(ProjectConfigurationPlatforms) = postSolution
		{D67C872A-3488-4E19-9E05-E091C119EC48}.Debug|Any CPU.ActiveCfg = Debug|Any CPU
		{D67C872A-3488-4E19-9E05-E091C119EC48}.Debug|Any CPU.Build.0 = Debug|Any CPU
		{D67C872A-3488-4E19-9E05-E091C119EC48}.Release|Any CPU.ActiveCfg = Release|Any CPU
		{D67C872A-3488-4E19-9E05-E091C119EC48}.Release|Any CPU.Build.0 = Release|Any CPU
		{A0B1F7EE-DA4F-4754-A010-49EE20E0119E}.Debug|Any CPU.ActiveCfg = Debug|Any CPU
		{A0B1F7EE-DA4F-4754-A010-49EE20E0119E}.Debug|Any CPU.Build.0 = Debug|Any CPU
		{A0B1F7EE-DA4F-4754-A010-49EE20E0119E}.Release|Any CPU.ActiveCfg = Release|Any CPU
		{A0B1F7EE-DA4F-4754-A010-49EE20E0119E}.Release|Any CPU.Build.0 = Release|Any CPU
	EndGlobalSection
	GlobalSection(SolutionProperties) = preSolution
		HideSolutionNode = FALSE
	EndGlobalSection
EndGlobal
